
Microsoft Visual Studio Solution File, Format Version 12.00
# Visual Studio 14
VisualStudioVersion = 14.0.25420.1
MinimumVisualStudioVersion = 10.0.40219.1
Project("{FAE04EC0-301F-11D3-BF4B-00C04F79EFBC}") = "SQLTemplate", "SQLTemplate\SQLTemplate.csproj", "{1FAFBD98-0539-423D-8DC7-5790F44B45D2}"
EndProject
Project("{FAE04EC0-301F-11D3-BF4B-00C04F79EFBC}") = "ModelTemplate", "ModelTemplate\ModelTemplate.csproj", "{A0208CE7-C075-4772-A226-6B36630C4C4C}"
EndProject
Project("{FAE04EC0-301F-11D3-BF4B-00C04F79EFBC}") = "Common", "Common\Common.csproj", "{BDD1BFD7-796F-470B-81B4-F7A6CFF0F15B}"
EndProject
Global
	GlobalSection(SolutionConfigurationPlatforms) = preSolution
		Debug|Any CPU = Debug|Any CPU
		Release|Any CPU = Release|Any CPU
	EndGlobalSection
	GlobalSection(ProjectConfigurationPlatforms) = postSolution
		{1FAFBD98-0539-423D-8DC7-5790F44B45D2}.Debug|Any CPU.ActiveCfg = Debug|Any CPU
		{1FAFBD98-0539-423D-8DC7-5790F44B45D2}.Debug|Any CPU.Build.0 = Debug|Any CPU
		{1FAFBD98-0539-423D-8DC7-5790F44B45D2}.Release|Any CPU.ActiveCfg = Release|Any CPU
		{1FAFBD98-0539-423D-8DC7-5790F44B45D2}.Release|Any CPU.Build.0 = Release|Any CPU
		{A0208CE7-C075-4772-A226-6B36630C4C4C}.Debug|Any CPU.ActiveCfg = Debug|Any CPU
		{A0208CE7-C075-4772-A226-6B36630C4C4C}.Debug|Any CPU.Build.0 = Debug|Any CPU
		{A0208CE7-C075-4772-A226-6B36630C4C4C}.Release|Any CPU.ActiveCfg = Release|Any CPU
		{A0208CE7-C075-4772-A226-6B36630C4C4C}.Release|Any CPU.Build.0 = Release|Any CPU
		{BDD1BFD7-796F-470B-81B4-F7A6CFF0F15B}.Debug|Any CPU.ActiveCfg = Debug|Any CPU
		{BDD1BFD7-796F-470B-81B4-F7A6CFF0F15B}.Debug|Any CPU.Build.0 = Debug|Any CPU
		{BDD1BFD7-796F-470B-81B4-F7A6CFF0F15B}.Release|Any CPU.ActiveCfg = Release|Any CPU
		{BDD1BFD7-796F-470B-81B4-F7A6CFF0F15B}.Release|Any CPU.Build.0 = Release|Any CPU
	EndGlobalSection
	GlobalSection(SolutionProperties) = preSolution
		HideSolutionNode = FALSE
	EndGlobalSection
EndGlobal
